// !$*UTF8*$!
{
	archiveVersion = 1;
	classes = {
	};
	objectVersion = 48;
	objects = {

/* Begin PBXBuildFile section */
		CE4D03E71F752FF3001007D4 /* AppDelegate.swift in Sources */ = {isa = PBXBuildFile; fileRef = CE4D03E61F752FF3001007D4 /* AppDelegate.swift */; };
		CE4D03E91F752FF3001007D4 /* art.scnassets in Resources */ = {isa = PBXBuildFile; fileRef = CE4D03E81F752FF3001007D4 /* art.scnassets */; };
		CE4D03EB1F752FF3001007D4 /* ViewController.swift in Sources */ = {isa = PBXBuildFile; fileRef = CE4D03EA1F752FF3001007D4 /* ViewController.swift */; };
		CE4D03EE1F752FF3001007D4 /* Main.storyboard in Resources */ = {isa = PBXBuildFile; fileRef = CE4D03EC1F752FF3001007D4 /* Main.storyboard */; };
		CE4D03F01F752FF3001007D4 /* Assets.xcassets in Resources */ = {isa = PBXBuildFile; fileRef = CE4D03EF1F752FF3001007D4 /* Assets.xcassets */; };
		CE4D03F31F752FF3001007D4 /* LaunchScreen.storyboard in Resources */ = {isa = PBXBuildFile; fileRef = CE4D03F11F752FF3001007D4 /* LaunchScreen.storyboard */; };
/* End PBXBuildFile section */

/* Begin PBXFileReference section */
		CE4D03E31F752FF3001007D4 /* ARArbitraryGate_MBXB.app */ = {isa = PBXFileReference; explicitFileType = wrapper.application; includeInIndex = 0; path = ARArbitraryGate_MBXB.app; sourceTree = BUILT_PRODUCTS_DIR; };
		CE4D03E61F752FF3001007D4 /* AppDelegate.swift */ = {isa = PBXFileReference; lastKnownFileType = sourcecode.swift; path = AppDelegate.swift; sourceTree = "<group>"; };
		CE4D03E81F752FF3001007D4 /* art.scnassets */ = {isa = PBXFileReference; lastKnownFileType = wrapper.scnassets; path = art.scnassets; sourceTree = "<group>"; };
		CE4D03EA1F752FF3001007D4 /* ViewController.swift */ = {isa = PBXFileReference; lastKnownFileType = sourcecode.swift; path = ViewController.swift; sourceTree = "<group>"; };
		CE4D03ED1F752FF3001007D4 /* Base */ = {isa = PBXFileReference; lastKnownFileType = file.storyboard; name = Base; path = Base.lproj/Main.storyboard; sourceTree = "<group>"; };
		CE4D03EF1F752FF3001007D4 /* Assets.xcassets */ = {isa = PBXFileReference; lastKnownFileType = folder.assetcatalog; path = Assets.xcassets; sourceTree = "<group>"; };
		CE4D03F21F752FF3001007D4 /* Base */ = {isa = PBXFileReference; lastKnownFileType = file.storyboard; name = Base; path = Base.lproj/LaunchScreen.storyboard; sourceTree = "<group>"; };
		CE4D03F41F752FF3001007D4 /* Info.plist */ = {isa = PBXFileReference; lastKnownFileType = text.plist.xml; path = Info.plist; sourceTree = "<group>"; };
/* End PBXFileReference section */

/* Begin PBXFrameworksBuildPhase section */
		CE4D03E01F752FF3001007D4 /* Frameworks */ = {
			isa = PBXFrameworksBuildPhase;
			buildActionMask = 2147483647;
			files = (
			);
			runOnlyForDeploymentPostprocessing = 0;
		};
/* End PBXFrameworksBuildPhase section */

/* Begin PBXGroup section */
		CE4D03DA1F752FF3001007D4 = {
			isa = PBXGroup;
			children = (
				CE4D03E51F752FF3001007D4 /* ARArbitraryGate_MBXB */,
				CE4D03E41F752FF3001007D4 /* Products */,
			);
			sourceTree = "<group>";
		};
		CE4D03E41F752FF3001007D4 /* Products */ = {
			isa = PBXGroup;
			children = (
				CE4D03E31F752FF3001007D4 /* ARArbitraryGate_MBXB.app */,
			);
			name = Products;
			sourceTree = "<group>";
		};
		CE4D03E51F752FF3001007D4 /* ARArbitraryGate_MBXB */ = {
			isa = PBXGroup;
			children = (
				CE4D03E61F752FF3001007D4 /* AppDelegate.swift */,
				CE4D03E81F752FF3001007D4 /* art.scnassets */,
				CE4D03EA1F752FF3001007D4 /* ViewController.swift */,
				CE4D03EC1F752FF3001007D4 /* Main.storyboard */,
				CE4D03EF1F752FF3001007D4 /* Assets.xcassets */,
				CE4D03F11F752FF3001007D4 /* LaunchScreen.storyboard */,
				CE4D03F41F752FF3001007D4 /* Info.plist */,
			);
			path = ARArbitraryGate_MBXB;
			sourceTree = "<group>";
		};
/* End PBXGroup section */

/* Begin PBXNativeTarget section */
		CE4D03E21F752FF3001007D4 /* ARArbitraryGate_MBXB */ = {
			isa = PBXNativeTarget;
			buildConfigurationList = CE4D03F71F752FF3001007D4 /* Build configuration list for PBXNativeTarget "ARArbitraryGate_MBXB" */;
			buildPhases = (
				CE4D03DF1F752FF3001007D4 /* Sources */,
				CE4D03E01F752FF3001007D4 /* Frameworks */,
				CE4D03E11F752FF3001007D4 /* Resources */,
			);
			buildRules = (
			);
			dependencies = (
			);
			name = ARArbitraryGate_MBXB;
			productName = ARArbitraryGate_MBXB;
			productReference = CE4D03E31F752FF3001007D4 /* ARArbitraryGate_MBXB.app */;
			productType = "com.apple.product-type.application";
		};
/* End PBXNativeTarget section */

/* Begin PBXProject section */
		CE4D03DB1F752FF3001007D4 /* Project object */ = {
			isa = PBXProject;
			attributes = {
				LastSwiftUpdateCheck = 0900;
				LastUpgradeCheck = 0900;
				ORGANIZATIONNAME = "MBXB-bifujian";
				TargetAttributes = {
					CE4D03E21F752FF3001007D4 = {
						CreatedOnToolsVersion = 9.0;
						ProvisioningStyle = Automatic;
					};
				};
			};
			buildConfigurationList = CE4D03DE1F752FF3001007D4 /* Build configuration list for PBXProject "ARArbitraryGate_MBXB" */;
			compatibilityVersion = "Xcode 8.0";
			developmentRegion = en;
			hasScannedForEncodings = 0;
			knownRegions = (
				en,
				Base,
			);
			mainGroup = CE4D03DA1F752FF3001007D4;
			productRefGroup = CE4D03E41F752FF3001007D4 /* Products */;
			projectDirPath = "";
			projectRoot = "";
			targets = (
				CE4D03E21F752FF3001007D4 /* ARArbitraryGate_MBXB */,
			);
		};
/* End PBXProject section */

/* Begin PBXResourcesBuildPhase section */
		CE4D03E11F752FF3001007D4 /* Resources */ = {
			isa = PBXResourcesBuildPhase;
			buildActionMask = 2147483647;
			files = (
				CE4D03E91F752FF3001007D4 /* art.scnassets in Resources */,
				CE4D03F31F752FF3001007D4 /* LaunchScreen.storyboard in Resources */,
				CE4D03F01F752FF3001007D4 /* Assets.xcassets in Resources */,
				CE4D03EE1F752FF3001007D4 /* Main.storyboard in Resources */,
			);
			runOnlyForDeploymentPostprocessing = 0;
		};
/* End PBXResourcesBuildPhase section */

/* Begin PBXSourcesBuildPhase section */
		CE4D03DF1F752FF3001007D4 /* Sources */ = {
			isa = PBXSourcesBuildPhase;
			buildActionMask = 2147483647;
			files = (
				CE4D03EB1F752FF3001007D4 /* ViewController.swift in Sources */,
				CE4D03E71F752FF3001007D4 /* AppDelegate.swift in Sources */,
			);
			runOnlyForDeploymentPostprocessing = 0;
		};
/* End PBXSourcesBuildPhase section */

/* Begin PBXVariantGroup section */
		CE4D03EC1F752FF3001007D4 /* Main.storyboard */ = {
			isa = PBXVariantGroup;
			children = (
				CE4D03ED1F752FF3001007D4 /* Base */,
			);
			name = Main.storyboard;
			sourceTree = "<group>";
		};
		CE4D03F11F752FF3001007D4 /* LaunchScreen.storyboard */ = {
			isa = PBXVariantGroup;
			children = (
				CE4D03F21F752FF3001007D4 /* Base */,
			);
			name = LaunchScreen.storyboard;
			sourceTree = "<group>";
		};
/* End PBXVariantGroup section */

/* Begin XCBuildConfiguration section */
		CE4D03F51F752FF3001007D4 /* Debug */ = {
			isa = XCBuildConfiguration;
			buildSettings = {
				ALWAYS_SEARCH_USER_PATHS = NO;
				CLANG_ANALYZER_NONNULL = YES;
				CLANG_ANALYZER_NUMBER_OBJECT_CONVERSION = YES_AGGRESSIVE;
				CLANG_CXX_LANGUAGE_STANDARD = "gnu++14";
				CLANG_CXX_LIBRARY = "libc++";
				CLANG_ENABLE_MODULES = YES;
				CLANG_ENABLE_OBJC_ARC = YES;
				CLANG_WARN_BLOCK_CAPTURE_AUTORELEASING = YES;
				CLANG_WARN_BOOL_CONVERSION = YES;
				CLANG_WARN_COMMA = YES;
				CLANG_WARN_CONSTANT_CONVERSION = YES;
				CLANG_WARN_DIRECT_OBJC_ISA_USAGE = YES_ERROR;
				CLANG_WARN_DOCUMENTATION_COMMENTS = YES;
				CLANG_WARN_EMPTY_BODY = YES;
				CLANG_WARN_ENUM_CONVERSION = YES;
				CLANG_WARN_INFINITE_RECURSION = YES;
				CLANG_WARN_INT_CONVERSION = YES;
				CLANG_WARN_NON_LITERAL_NULL_CONVERSION = YES;
				CLANG_WARN_OBJC_LITERAL_CONVERSION = YES;
				CLANG_WARN_OBJC_ROOT_CLASS = YES_ERROR;
				CLANG_WARN_RANGE_LOOP_ANALYSIS = YES;
				CLANG_WARN_STRICT_PROTOTYPES = YES;
				CLANG_WARN_SUSPICIOUS_MOVE = YES;
				CLANG_WARN_UNGUARDED_AVAILABILITY = YES_AGGRESSIVE;
				CLANG_WARN_UNREACHABLE_CODE = YES;
				CLANG_WARN__DUPLICATE_METHOD_MATCH = YES;
				CODE_SIGN_IDENTITY = "iPhone Developer";
				COPY_PHASE_STRIP = NO;
				DEBUG_INFORMATION_FORMAT = dwarf;
				ENABLE_STRICT_OBJC_MSGSEND = YES;
				ENABLE_TESTABILITY = YES;
				GCC_C_LANGUAGE_STANDARD = gnu11;
				GCC_DYNAMIC_NO_PIC = NO;
				GCC_NO_COMMON_BLOCKS = YES;
				GCC_OPTIMIZATION_LEVEL = 0;
				GCC_PREPROCESSOR_DEFINITIONS = (
					"DEBUG=1",
					"$(inherited)",
				);
				GCC_WARN_64_TO_32_BIT_CONVERSION = YES;
				GCC_WARN_ABOUT_RETURN_TYPE = YES_ERROR;
				GCC_WARN_UNDECLARED_SELECTOR = YES;
				GCC_WARN_UNINITIALIZED_AUTOS = YES_AGGRESSIVE;
				GCC_WARN_UNUSED_FUNCTION = YES;
				GCC_WARN_UNUSED_VARIABLE = YES;
				IPHONEOS_DEPLOYMENT_TARGET = 11.0;
				MTL_ENABLE_DEBUG_INFO = YES;
				ONLY_ACTIVE_ARCH = YES;
				SDKROOT = iphoneos;
				SWIFT_ACTIVE_COMPILATION_CONDITIONS = DEBUG;
				SWIFT_OPTIMIZATION_LEVEL = "-Onone";
			};
			name = Debug;
		};
		CE4D03F61F752FF3001007D4 /* Release */ = {
			isa = XCBuildConfiguration;
			buildSettings = {
				ALWAYS_SEARCH_USER_PATHS = NO;
				CLANG_ANALYZER_NONNULL = YES;
				CLANG_ANALYZER_NUMBER_OBJECT_CONVERSION = YES_AGGRESSIVE;
				CLANG_CXX_LANGUAGE_STANDARD = "gnu++14";
				CLANG_CXX_LIBRARY = "libc++";
				CLANG_ENABLE_MODULES = YES;
				CLANG_ENABLE_OBJC_ARC = YES;
				CLANG_WARN_BLOCK_CAPTURE_AUTORELEASING = YES;
				CLANG_WARN_BOOL_CONVERSION = YES;
				CLANG_WARN_COMMA = YES;
				CLANG_WARN_CONSTANT_CONVERSION = YES;
				CLANG_WARN_DIRECT_OBJC_ISA_USAGE = YES_ERROR;
				CLANG_WARN_DOCUMENTATION_COMMENTS = YES;
				CLANG_WARN_EMPTY_BODY = YES;
				CLANG_WARN_ENUM_CONVERSION = YES;
				CLANG_WARN_INFINITE_RECURSION = YES;
				CLANG_WARN_INT_CONVERSION = YES;
				CLANG_WARN_NON_LITERAL_NULL_CONVERSION = YES;
				CLANG_WARN_OBJC_LITERAL_CONVERSION = YES;
				CLANG_WARN_OBJC_ROOT_CLASS = YES_ERROR;
				CLANG_WARN_RANGE_LOOP_ANALYSIS = YES;
				CLANG_WARN_STRICT_PROTOTYPES = YES;
				CLANG_WARN_SUSPICIOUS_MOVE = YES;
				CLANG_WARN_UNGUARDED_AVAILABILITY = YES_AGGRESSIVE;
				CLANG_WARN_UNREACHABLE_CODE = YES;
				CLANG_WARN__DUPLICATE_METHOD_MATCH = YES;
				CODE_SIGN_IDENTITY = "iPhone Developer";
				COPY_PHASE_STRIP = NO;
				DEBUG_INFORMATION_FORMAT = "dwarf-with-dsym";
				ENABLE_NS_ASSERTIONS = NO;
				ENABLE_STRICT_OBJC_MSGSEND = YES;
				GCC_C_LANGUAGE_STANDARD = gnu11;
				GCC_NO_COMMON_BLOCKS = YES;
				GCC_WARN_64_TO_32_BIT_CONVERSION = YES;
				GCC_WARN_ABOUT_RETURN_TYPE = YES_ERROR;
				GCC_WARN_UNDECLARED_SELECTOR = YES;
				GCC_WARN_UNINITIALIZED_AUTOS = YES_AGGRESSIVE;
				GCC_WARN_UNUSED_FUNCTION = YES;
				GCC_WARN_UNUSED_VARIABLE = YES;
				IPHONEOS_DEPLOYMENT_TARGET = 11.0;
				MTL_ENABLE_DEBUG_INFO = NO;
				SDKROOT = iphoneos;
				SWIFT_OPTIMIZATION_LEVEL = "-Owholemodule";
				VALIDATE_PRODUCT = YES;
			};
			name = Release;
		};
		CE4D03F81F752FF3001007D4 /* Debug */ = {
			isa = XCBuildConfiguration;
			buildSettings = {
				ASSETCATALOG_COMPILER_APPICON_NAME = AppIcon;
				CODE_SIGN_STYLE = Automatic;
				DEVELOPMENT_TEAM = WJRK4U4F6A;
				INFOPLIST_FILE = ARArbitraryGate_MBXB/Info.plist;
				LD_RUNPATH_SEARCH_PATHS = "$(inherited) @executable_path/Frameworks";
				PRODUCT_BUNDLE_IDENTIFIER = "com.yx.ARArbitraryGate-MBXB";
				PRODUCT_NAME = "$(TARGET_NAME)";
				SWIFT_VERSION = 4.0;
				TARGETED_DEVICE_FAMILY = "1,2";
			};
			name = Debug;
		};
		CE4D03F91F752FF3001007D4 /* Release */ = {
			isa = XCBuildConfiguration;
			buildSettings = {
				ASSETCATALOG_COMPILER_APPICON_NAME = AppIcon;
				CODE_SIGN_STYLE = Automatic;
				DEVELOPMENT_TEAM = WJRK4U4F6A;
				INFOPLIST_FILE = ARArbitraryGate_MBXB/Info.plist;
				LD_RUNPATH_SEARCH_PATHS = "$(inherited) @executable_path/Frameworks";
				PRODUCT_BUNDLE_IDENTIFIER = "com.yx.ARArbitraryGate-MBXB";
				PRODUCT_NAME = "$(TARGET_NAME)";
				SWIFT_VERSION = 4.0;
				TARGETED_DEVICE_FAMILY = "1,2";
			};
			name = Release;
		};
/* End XCBuildConfiguration section */

/* Begin XCConfigurationList section */
		CE4D03DE1F752FF3001007D4 /* Build configuration list for PBXProject "ARArbitraryGate_MBXB" */ = {
			isa = XCConfigurationList;
			buildConfigurations = (
				CE4D03F51F752FF3001007D4 /* Debug */,
				CE4D03F61F752FF3001007D4 /* Release */,
			);
			defaultConfigurationIsVisible = 0;
			defaultConfigurationName = Release;
		};
		CE4D03F71F752FF3001007D4 /* Build configuration list for PBXNativeTarget "ARArbitraryGate_MBXB" */ = {
			isa = XCConfigurationList;
			buildConfigurations = (
				CE4D03F81F752FF3001007D4 /* Debug */,
				CE4D03F91F752FF3001007D4 /* Release */,
			);
			defaultConfigurationIsVisible = 0;
			defaultConfigurationName = Release;
		};
/* End XCConfigurationList section */
	};
	rootObject = CE4D03DB1F752FF3001007D4 /* Project object */;
}
